
Microsoft Visual Studio Solution File, Format Version 12.00
# Visual Studio Version 17
VisualStudioVersion = 17.3.32825.248
MinimumVisualStudioVersion = 10.0.40219.1
Project("{FAE04EC0-301F-11D3-BF4B-00C04F79EFBC}") = "StudentWebApplication", "StudentWebApplication\StudentWebApplication.csproj", "{FCA6C0E9-934A-46FD-9DF9-BFB75C4BE8F8}"
EndProject
Global
	GlobalSection(SolutionConfigurationPlatforms) = preSolution
		Debug|Any CPU = Debug|Any CPU
		Release|Any CPU = Release|Any CPU
	EndGlobalSection
	GlobalSection(ProjectConfigurationPlatforms) = postSolution
		{FCA6C0E9-934A-46FD-9DF9-BFB75C4BE8F8}.Debug|Any CPU.ActiveCfg = Debug|Any CPU
		{FCA6C0E9-934A-46FD-9DF9-BFB75C4BE8F8}.Debug|Any CPU.Build.0 = Debug|Any CPU
		{FCA6C0E9-934A-46FD-9DF9-BFB75C4BE8F8}.Release|Any CPU.ActiveCfg = Release|Any CPU
		{FCA6C0E9-934A-46FD-9DF9-BFB75C4BE8F8}.Release|Any CPU.Build.0 = Release|Any CPU
	EndGlobalSection
	GlobalSection(SolutionProperties) = preSolution
		HideSolutionNode = FALSE
	EndGlobalSection
	GlobalSection(ExtensibilityGlobals) = postSolution
		SolutionGuid = {81EF95D3-52B7-4B01-B4A4-C1C145166879}
	EndGlobalSection
EndGlobal
